
Microsoft Visual Studio Solution File, Format Version 12.00
# Visual Studio Version 16
VisualStudioVersion = 16.0.30717.126
MinimumVisualStudioVersion = 15.0.26124.0
Project("{9A19103F-16F7-4668-BE54-9A1E7A4F7556}") = "$safeprojectname$.Plugins", "$safeprojectname$.Plugins\$safeprojectname$.Plugins.csproj", "{0FBE575F-076D-4C73-A364-812E45C1EB0C}"
EndProject
Project("{2150E333-8FDC-42A3-9474-1A3956D46DE8}") = "Config", "Config", "{92AB3DD0-CFD6-4625-8572-7CD2E45B9004}"
	ProjectSection(SolutionItems) = preProject
		Config\App.config = Config\App.config
		Config\connectionStrings.config = Config\connectionStrings.config
		Config\xrmFramework.config = Config\xrmFramework.config
	EndProjectSection
EndProject
Project("{2150E333-8FDC-42A3-9474-1A3956D46DE8}") = "Utils", "Utils", "{0ADA5F86-CDCF-415C-86FC-13895777F7EC}"
EndProject
Project("{9A19103F-16F7-4668-BE54-9A1E7A4F7556}") = "Deploy.$safeprojectname$.Plugins", "Utils\Deploy.$safeprojectname$.Plugins\Deploy.$safeprojectname$.Plugins.csproj", "{0ED1E16F-C6A9-46E2-8DF3-D83AD5B60EA4}"
EndProject
Project("{9A19103F-16F7-4668-BE54-9A1E7A4F7556}") = "Deploy.Webresources", "Utils\Deploy.Webresources\Deploy.Webresources.csproj", "{C755C47F-CADF-4321-A73B-4D0D80120FB1}"
EndProject
Project("{9A19103F-16F7-4668-BE54-9A1E7A4F7556}") = "DefinitionManager", "Utils\DefinitionManager\DefinitionManager.csproj", "{24F664F7-1982-4DA2-9C5B-A3D1A7D98308}"
EndProject
Project("{9A19103F-16F7-4668-BE54-9A1E7A4F7556}") = "RemoteDebugger", "Utils\RemoteDebugger\RemoteDebugger.csproj", "{9FC7CDB5-DDEA-4680-A8B3-792E18E7135C}"
EndProject
Project("{9A19103F-16F7-4668-BE54-9A1E7A4F7556}") = "$safeprojectname$.Core", "$safeprojectname$.Core\$safeprojectname$.Core.csproj", "{0A7D9EAF-EA3A-4522-B124-535909C4AE05}"
EndProject
Project("{FAE04EC0-301F-11D3-BF4B-00C04F79EFBC}") = "Webresources", "Webresources\Webresources.csproj", "{89AF942E-7810-4619-A108-BCAFC55BCE8A}"
EndProject
Global
	GlobalSection(SolutionConfigurationPlatforms) = preSolution
		Debug|Any CPU = Debug|Any CPU
		Debug|x64 = Debug|x64
		Debug|x86 = Debug|x86
		Release|Any CPU = Release|Any CPU
		Release|x64 = Release|x64
		Release|x86 = Release|x86
	EndGlobalSection
	GlobalSection(ProjectConfigurationPlatforms) = postSolution
		{0FBE575F-076D-4C73-A364-812E45C1EB0C}.Debug|Any CPU.ActiveCfg = Debug|Any CPU
		{0FBE575F-076D-4C73-A364-812E45C1EB0C}.Debug|Any CPU.Build.0 = Debug|Any CPU
		{0FBE575F-076D-4C73-A364-812E45C1EB0C}.Debug|x64.ActiveCfg = Debug|Any CPU
		{0FBE575F-076D-4C73-A364-812E45C1EB0C}.Debug|x64.Build.0 = Debug|Any CPU
		{0FBE575F-076D-4C73-A364-812E45C1EB0C}.Debug|x86.ActiveCfg = Debug|Any CPU
		{0FBE575F-076D-4C73-A364-812E45C1EB0C}.Debug|x86.Build.0 = Debug|Any CPU
		{0FBE575F-076D-4C73-A364-812E45C1EB0C}.Release|Any CPU.ActiveCfg = Release|Any CPU
		{0FBE575F-076D-4C73-A364-812E45C1EB0C}.Release|Any CPU.Build.0 = Release|Any CPU
		{0FBE575F-076D-4C73-A364-812E45C1EB0C}.Release|x64.ActiveCfg = Release|Any CPU
		{0FBE575F-076D-4C73-A364-812E45C1EB0C}.Release|x64.Build.0 = Release|Any CPU
		{0FBE575F-076D-4C73-A364-812E45C1EB0C}.Release|x86.ActiveCfg = Release|Any CPU
		{0FBE575F-076D-4C73-A364-812E45C1EB0C}.Release|x86.Build.0 = Release|Any CPU
		{336CF7CE-A9F1-478D-84E7-92A17852DA58}.Debug|Any CPU.ActiveCfg = Debug|Any CPU
		{336CF7CE-A9F1-478D-84E7-92A17852DA58}.Debug|Any CPU.Build.0 = Debug|Any CPU
		{336CF7CE-A9F1-478D-84E7-92A17852DA58}.Debug|x64.ActiveCfg = Debug|Any CPU
		{336CF7CE-A9F1-478D-84E7-92A17852DA58}.Debug|x64.Build.0 = Debug|Any CPU
		{336CF7CE-A9F1-478D-84E7-92A17852DA58}.Debug|x86.ActiveCfg = Debug|Any CPU
		{336CF7CE-A9F1-478D-84E7-92A17852DA58}.Debug|x86.Build.0 = Debug|Any CPU
		{336CF7CE-A9F1-478D-84E7-92A17852DA58}.Release|Any CPU.ActiveCfg = Release|Any CPU
		{336CF7CE-A9F1-478D-84E7-92A17852DA58}.Release|Any CPU.Build.0 = Release|Any CPU
		{336CF7CE-A9F1-478D-84E7-92A17852DA58}.Release|x64.ActiveCfg = Release|Any CPU
		{336CF7CE-A9F1-478D-84E7-92A17852DA58}.Release|x64.Build.0 = Release|Any CPU
		{336CF7CE-A9F1-478D-84E7-92A17852DA58}.Release|x86.ActiveCfg = Release|Any CPU
		{336CF7CE-A9F1-478D-84E7-92A17852DA58}.Release|x86.Build.0 = Release|Any CPU
		{0ED1E16F-C6A9-46E2-8DF3-D83AD5B60EA4}.Debug|Any CPU.ActiveCfg = Debug|Any CPU
		{0ED1E16F-C6A9-46E2-8DF3-D83AD5B60EA4}.Debug|Any CPU.Build.0 = Debug|Any CPU
		{0ED1E16F-C6A9-46E2-8DF3-D83AD5B60EA4}.Debug|x64.ActiveCfg = Debug|Any CPU
		{0ED1E16F-C6A9-46E2-8DF3-D83AD5B60EA4}.Debug|x64.Build.0 = Debug|Any CPU
		{0ED1E16F-C6A9-46E2-8DF3-D83AD5B60EA4}.Debug|x86.ActiveCfg = Debug|Any CPU
		{0ED1E16F-C6A9-46E2-8DF3-D83AD5B60EA4}.Debug|x86.Build.0 = Debug|Any CPU
		{0ED1E16F-C6A9-46E2-8DF3-D83AD5B60EA4}.Release|Any CPU.ActiveCfg = Release|Any CPU
		{0ED1E16F-C6A9-46E2-8DF3-D83AD5B60EA4}.Release|Any CPU.Build.0 = Release|Any CPU
		{0ED1E16F-C6A9-46E2-8DF3-D83AD5B60EA4}.Release|x64.ActiveCfg = Release|Any CPU
		{0ED1E16F-C6A9-46E2-8DF3-D83AD5B60EA4}.Release|x64.Build.0 = Release|Any CPU
		{0ED1E16F-C6A9-46E2-8DF3-D83AD5B60EA4}.Release|x86.ActiveCfg = Release|Any CPU
		{0ED1E16F-C6A9-46E2-8DF3-D83AD5B60EA4}.Release|x86.Build.0 = Release|Any CPU
		{24F664F7-1982-4DA2-9C5B-A3D1A7D98308}.Debug|Any CPU.ActiveCfg = Debug|Any CPU
		{24F664F7-1982-4DA2-9C5B-A3D1A7D98308}.Debug|Any CPU.Build.0 = Debug|Any CPU
		{24F664F7-1982-4DA2-9C5B-A3D1A7D98308}.Debug|x64.ActiveCfg = Debug|Any CPU
		{24F664F7-1982-4DA2-9C5B-A3D1A7D98308}.Debug|x64.Build.0 = Debug|Any CPU
		{24F664F7-1982-4DA2-9C5B-A3D1A7D98308}.Debug|x86.ActiveCfg = Debug|Any CPU
		{24F664F7-1982-4DA2-9C5B-A3D1A7D98308}.Debug|x86.Build.0 = Debug|Any CPU
		{24F664F7-1982-4DA2-9C5B-A3D1A7D98308}.Release|Any CPU.ActiveCfg = Release|Any CPU
		{24F664F7-1982-4DA2-9C5B-A3D1A7D98308}.Release|Any CPU.Build.0 = Release|Any CPU
		{24F664F7-1982-4DA2-9C5B-A3D1A7D98308}.Release|x64.ActiveCfg = Release|Any CPU
		{24F664F7-1982-4DA2-9C5B-A3D1A7D98308}.Release|x64.Build.0 = Release|Any CPU
		{24F664F7-1982-4DA2-9C5B-A3D1A7D98308}.Release|x86.ActiveCfg = Release|Any CPU
		{24F664F7-1982-4DA2-9C5B-A3D1A7D98308}.Release|x86.Build.0 = Release|Any CPU
		{C755C47F-CADF-4321-A73B-4D0D80120FB1}.Debug|Any CPU.ActiveCfg = Debug|Any CPU
		{C755C47F-CADF-4321-A73B-4D0D80120FB1}.Debug|Any CPU.Build.0 = Debug|Any CPU
		{C755C47F-CADF-4321-A73B-4D0D80120FB1}.Debug|x64.ActiveCfg = Debug|Any CPU
		{C755C47F-CADF-4321-A73B-4D0D80120FB1}.Debug|x64.Build.0 = Debug|Any CPU
		{C755C47F-CADF-4321-A73B-4D0D80120FB1}.Debug|x86.ActiveCfg = Debug|Any CPU
		{C755C47F-CADF-4321-A73B-4D0D80120FB1}.Debug|x86.Build.0 = Debug|Any CPU
		{C755C47F-CADF-4321-A73B-4D0D80120FB1}.Release|Any CPU.ActiveCfg = Release|Any CPU
		{C755C47F-CADF-4321-A73B-4D0D80120FB1}.Release|Any CPU.Build.0 = Release|Any CPU
		{C755C47F-CADF-4321-A73B-4D0D80120FB1}.Release|x64.ActiveCfg = Release|Any CPU
		{C755C47F-CADF-4321-A73B-4D0D80120FB1}.Release|x64.Build.0 = Release|Any CPU
		{C755C47F-CADF-4321-A73B-4D0D80120FB1}.Release|x86.ActiveCfg = Release|Any CPU
		{C755C47F-CADF-4321-A73B-4D0D80120FB1}.Release|x86.Build.0 = Release|Any CPU
		{89AF942E-7810-4619-A108-BCAFC55BCE8A}.Debug|Any CPU.ActiveCfg = Debug|Any CPU
		{89AF942E-7810-4619-A108-BCAFC55BCE8A}.Debug|Any CPU.Build.0 = Debug|Any CPU
		{89AF942E-7810-4619-A108-BCAFC55BCE8A}.Debug|x64.ActiveCfg = Debug|Any CPU
		{89AF942E-7810-4619-A108-BCAFC55BCE8A}.Debug|x64.Build.0 = Debug|Any CPU
		{89AF942E-7810-4619-A108-BCAFC55BCE8A}.Debug|x86.ActiveCfg = Debug|Any CPU
		{89AF942E-7810-4619-A108-BCAFC55BCE8A}.Debug|x86.Build.0 = Debug|Any CPU
		{89AF942E-7810-4619-A108-BCAFC55BCE8A}.Release|Any CPU.ActiveCfg = Release|Any CPU
		{89AF942E-7810-4619-A108-BCAFC55BCE8A}.Release|Any CPU.Build.0 = Release|Any CPU
		{89AF942E-7810-4619-A108-BCAFC55BCE8A}.Release|x64.ActiveCfg = Release|Any CPU
		{89AF942E-7810-4619-A108-BCAFC55BCE8A}.Release|x64.Build.0 = Release|Any CPU
		{89AF942E-7810-4619-A108-BCAFC55BCE8A}.Release|x86.ActiveCfg = Release|Any CPU
		{89AF942E-7810-4619-A108-BCAFC55BCE8A}.Release|x86.Build.0 = Release|Any CPU
	EndGlobalSection
	GlobalSection(SolutionProperties) = preSolution
		HideSolutionNode = FALSE
	EndGlobalSection
	GlobalSection(NestedProjects) = preSolution
		{0ED1E16F-C6A9-46E2-8DF3-D83AD5B60EA4} = {0ADA5F86-CDCF-415C-86FC-13895777F7EC}
		{24F664F7-1982-4DA2-9C5B-A3D1A7D98308} = {0ADA5F86-CDCF-415C-86FC-13895777F7EC}
		{C755C47F-CADF-4321-A73B-4D0D80120FB1} = {0ADA5F86-CDCF-415C-86FC-13895777F7EC}
		{9FC7CDB5-DDEA-4680-A8B3-792E18E7135C} = {0ADA5F86-CDCF-415C-86FC-13895777F7EC}
	EndGlobalSection
	GlobalSection(ExtensibilityGlobals) = postSolution
		SolutionGuid = {E7A6F386-757B-4D5E-A444-05FE76E238D6}
	EndGlobalSection
EndGlobal
