
Microsoft Visual Studio Solution File, Format Version 12.00
# Visual Studio Version 16
VisualStudioVersion = 16.0.29306.81
MinimumVisualStudioVersion = 10.0.40219.1
Project("{9A19103F-16F7-4668-BE54-9A1E7A4F7556}") = "XrmFramework.Tools", "XrmFramework.Tools\XrmFramework.Tools.csproj", "{7A867692-D2E9-44B0-91AB-9E5A3FAB674C}"
EndProject
Project("{9A19103F-16F7-4668-BE54-9A1E7A4F7556}") = "XrmFramework.RemoteDebugger", "XrmFramework.RemoteDebugger\XrmFramework.RemoteDebugger.csproj", "{AC21ABCD-CC08-4E1D-8C93-E6287A3D41B2}"
EndProject
Project("{2150E333-8FDC-42A3-9474-1A3956D46DE8}") = "SolutionItems", "SolutionItems", "{D89922A5-D1C2-4EDC-BCA9-300160187485}"
EndProject
Project("{2150E333-8FDC-42A3-9474-1A3956D46DE8}") = "Build", "Build", "{77073001-05CF-4273-B51D-0CD857B66FFF}"
	ProjectSection(SolutionItems) = preProject
		Directory.Build.props = Directory.Build.props
		Directory.Build.targets = Directory.Build.targets
		Build\Versioning.targets = Build\Versioning.targets
	EndProjectSection
EndProject
Project("{9A19103F-16F7-4668-BE54-9A1E7A4F7556}") = "XrmFramework.Workflow", "XrmFramework.Workflow\XrmFramework.Workflow.csproj", "{E473F628-9BFD-400B-8A7A-596A3A1F806B}"
EndProject
Project("{9A19103F-16F7-4668-BE54-9A1E7A4F7556}") = "XrmFramework", "XrmFramework\XrmFramework.csproj", "{835202F0-C8A3-4E79-A9A5-D69A3080F1AB}"
EndProject
Project("{9A19103F-16F7-4668-BE54-9A1E7A4F7556}") = "XrmFramework.Templates", "XrmFramework.Templates\XrmFramework.Templates.csproj", "{E2AFAA90-1BA2-4DB3-A99D-A6004282C267}"
EndProject
Project("{9A19103F-16F7-4668-BE54-9A1E7A4F7556}") = "XrmFramework.DeployUtils", "XrmFramework.DeployUtils\XrmFramework.DeployUtils.csproj", "{C6444169-E29C-4B5B-B5EE-94E5CA4FF836}"
EndProject
Project("{9A19103F-16F7-4668-BE54-9A1E7A4F7556}") = "XrmFramework.DefinitionManager", "XrmFramework.DefinitionManager\XrmFramework.DefinitionManager.csproj", "{1946BA1F-AFA5-44AB-81F2-A843EF24572B}"
EndProject
Project("{9A19103F-16F7-4668-BE54-9A1E7A4F7556}") = "XrmFramework.RemoteDebugger.Client", "XrmFramework.RemoteDebugger.Client\XrmFramework.RemoteDebugger.Client.csproj", "{64594CF9-A94D-4188-8FBE-70DA696CDE4B}"
EndProject
Global
	GlobalSection(SolutionConfigurationPlatforms) = preSolution
		Debug|Any CPU = Debug|Any CPU
		DEV-HF|Any CPU = DEV-HF|Any CPU
		PRE|Any CPU = PRE|Any CPU
		QA|Any CPU = QA|Any CPU
		Release|Any CPU = Release|Any CPU
		TEST|Any CPU = TEST|Any CPU
	EndGlobalSection
	GlobalSection(ProjectConfigurationPlatforms) = postSolution
		{7A867692-D2E9-44B0-91AB-9E5A3FAB674C}.Debug|Any CPU.ActiveCfg = Debug|Any CPU
		{7A867692-D2E9-44B0-91AB-9E5A3FAB674C}.Debug|Any CPU.Build.0 = Debug|Any CPU
		{7A867692-D2E9-44B0-91AB-9E5A3FAB674C}.DEV-HF|Any CPU.ActiveCfg = Debug|Any CPU
		{7A867692-D2E9-44B0-91AB-9E5A3FAB674C}.DEV-HF|Any CPU.Build.0 = Debug|Any CPU
		{7A867692-D2E9-44B0-91AB-9E5A3FAB674C}.PRE|Any CPU.ActiveCfg = Release|Any CPU
		{7A867692-D2E9-44B0-91AB-9E5A3FAB674C}.PRE|Any CPU.Build.0 = Release|Any CPU
		{7A867692-D2E9-44B0-91AB-9E5A3FAB674C}.QA|Any CPU.ActiveCfg = Release|Any CPU
		{7A867692-D2E9-44B0-91AB-9E5A3FAB674C}.QA|Any CPU.Build.0 = Release|Any CPU
		{7A867692-D2E9-44B0-91AB-9E5A3FAB674C}.Release|Any CPU.ActiveCfg = Release|Any CPU
		{7A867692-D2E9-44B0-91AB-9E5A3FAB674C}.Release|Any CPU.Build.0 = Release|Any CPU
		{7A867692-D2E9-44B0-91AB-9E5A3FAB674C}.TEST|Any CPU.ActiveCfg = Release|Any CPU
		{7A867692-D2E9-44B0-91AB-9E5A3FAB674C}.TEST|Any CPU.Build.0 = Release|Any CPU
		{AC21ABCD-CC08-4E1D-8C93-E6287A3D41B2}.Debug|Any CPU.ActiveCfg = Debug|Any CPU
		{AC21ABCD-CC08-4E1D-8C93-E6287A3D41B2}.Debug|Any CPU.Build.0 = Debug|Any CPU
		{AC21ABCD-CC08-4E1D-8C93-E6287A3D41B2}.DEV-HF|Any CPU.ActiveCfg = Debug|Any CPU
		{AC21ABCD-CC08-4E1D-8C93-E6287A3D41B2}.DEV-HF|Any CPU.Build.0 = Debug|Any CPU
		{AC21ABCD-CC08-4E1D-8C93-E6287A3D41B2}.PRE|Any CPU.ActiveCfg = Release|Any CPU
		{AC21ABCD-CC08-4E1D-8C93-E6287A3D41B2}.PRE|Any CPU.Build.0 = Release|Any CPU
		{AC21ABCD-CC08-4E1D-8C93-E6287A3D41B2}.QA|Any CPU.ActiveCfg = Release|Any CPU
		{AC21ABCD-CC08-4E1D-8C93-E6287A3D41B2}.QA|Any CPU.Build.0 = Release|Any CPU
		{AC21ABCD-CC08-4E1D-8C93-E6287A3D41B2}.Release|Any CPU.ActiveCfg = Release|Any CPU
		{AC21ABCD-CC08-4E1D-8C93-E6287A3D41B2}.Release|Any CPU.Build.0 = Release|Any CPU
		{AC21ABCD-CC08-4E1D-8C93-E6287A3D41B2}.TEST|Any CPU.ActiveCfg = Release|Any CPU
		{AC21ABCD-CC08-4E1D-8C93-E6287A3D41B2}.TEST|Any CPU.Build.0 = Release|Any CPU
		{47525743-981C-4706-AF78-0DDAB71F1BB8}.Debug|Any CPU.ActiveCfg = Debug|Any CPU
		{47525743-981C-4706-AF78-0DDAB71F1BB8}.Debug|Any CPU.Build.0 = Debug|Any CPU
		{47525743-981C-4706-AF78-0DDAB71F1BB8}.DEV-HF|Any CPU.ActiveCfg = Debug|Any CPU
		{47525743-981C-4706-AF78-0DDAB71F1BB8}.DEV-HF|Any CPU.Build.0 = Debug|Any CPU
		{47525743-981C-4706-AF78-0DDAB71F1BB8}.PRE|Any CPU.ActiveCfg = Debug|Any CPU
		{47525743-981C-4706-AF78-0DDAB71F1BB8}.PRE|Any CPU.Build.0 = Debug|Any CPU
		{47525743-981C-4706-AF78-0DDAB71F1BB8}.QA|Any CPU.ActiveCfg = Debug|Any CPU
		{47525743-981C-4706-AF78-0DDAB71F1BB8}.QA|Any CPU.Build.0 = Debug|Any CPU
		{47525743-981C-4706-AF78-0DDAB71F1BB8}.Release|Any CPU.ActiveCfg = Release|Any CPU
		{47525743-981C-4706-AF78-0DDAB71F1BB8}.Release|Any CPU.Build.0 = Release|Any CPU
		{47525743-981C-4706-AF78-0DDAB71F1BB8}.TEST|Any CPU.ActiveCfg = Debug|Any CPU
		{47525743-981C-4706-AF78-0DDAB71F1BB8}.TEST|Any CPU.Build.0 = Debug|Any CPU
		{E473F628-9BFD-400B-8A7A-596A3A1F806B}.Debug|Any CPU.ActiveCfg = Debug|Any CPU
		{E473F628-9BFD-400B-8A7A-596A3A1F806B}.Debug|Any CPU.Build.0 = Debug|Any CPU
		{E473F628-9BFD-400B-8A7A-596A3A1F806B}.DEV-HF|Any CPU.ActiveCfg = Debug|Any CPU
		{E473F628-9BFD-400B-8A7A-596A3A1F806B}.DEV-HF|Any CPU.Build.0 = Debug|Any CPU
		{E473F628-9BFD-400B-8A7A-596A3A1F806B}.PRE|Any CPU.ActiveCfg = Debug|Any CPU
		{E473F628-9BFD-400B-8A7A-596A3A1F806B}.PRE|Any CPU.Build.0 = Debug|Any CPU
		{E473F628-9BFD-400B-8A7A-596A3A1F806B}.QA|Any CPU.ActiveCfg = Debug|Any CPU
		{E473F628-9BFD-400B-8A7A-596A3A1F806B}.QA|Any CPU.Build.0 = Debug|Any CPU
		{E473F628-9BFD-400B-8A7A-596A3A1F806B}.Release|Any CPU.ActiveCfg = Release|Any CPU
		{E473F628-9BFD-400B-8A7A-596A3A1F806B}.Release|Any CPU.Build.0 = Release|Any CPU
		{E473F628-9BFD-400B-8A7A-596A3A1F806B}.TEST|Any CPU.ActiveCfg = Debug|Any CPU
		{E473F628-9BFD-400B-8A7A-596A3A1F806B}.TEST|Any CPU.Build.0 = Debug|Any CPU
		{835202F0-C8A3-4E79-A9A5-D69A3080F1AB}.Debug|Any CPU.ActiveCfg = Debug|Any CPU
		{835202F0-C8A3-4E79-A9A5-D69A3080F1AB}.Debug|Any CPU.Build.0 = Debug|Any CPU
		{835202F0-C8A3-4E79-A9A5-D69A3080F1AB}.DEV-HF|Any CPU.ActiveCfg = Debug|Any CPU
		{835202F0-C8A3-4E79-A9A5-D69A3080F1AB}.DEV-HF|Any CPU.Build.0 = Debug|Any CPU
		{835202F0-C8A3-4E79-A9A5-D69A3080F1AB}.PRE|Any CPU.ActiveCfg = Debug|Any CPU
		{835202F0-C8A3-4E79-A9A5-D69A3080F1AB}.PRE|Any CPU.Build.0 = Debug|Any CPU
		{835202F0-C8A3-4E79-A9A5-D69A3080F1AB}.QA|Any CPU.ActiveCfg = Debug|Any CPU
		{835202F0-C8A3-4E79-A9A5-D69A3080F1AB}.QA|Any CPU.Build.0 = Debug|Any CPU
		{835202F0-C8A3-4E79-A9A5-D69A3080F1AB}.Release|Any CPU.ActiveCfg = Release|Any CPU
		{835202F0-C8A3-4E79-A9A5-D69A3080F1AB}.Release|Any CPU.Build.0 = Release|Any CPU
		{835202F0-C8A3-4E79-A9A5-D69A3080F1AB}.TEST|Any CPU.ActiveCfg = Debug|Any CPU
		{835202F0-C8A3-4E79-A9A5-D69A3080F1AB}.TEST|Any CPU.Build.0 = Debug|Any CPU
		{E2AFAA90-1BA2-4DB3-A99D-A6004282C267}.Debug|Any CPU.ActiveCfg = Debug|Any CPU
		{E2AFAA90-1BA2-4DB3-A99D-A6004282C267}.Debug|Any CPU.Build.0 = Debug|Any CPU
		{E2AFAA90-1BA2-4DB3-A99D-A6004282C267}.DEV-HF|Any CPU.ActiveCfg = Debug|Any CPU
		{E2AFAA90-1BA2-4DB3-A99D-A6004282C267}.DEV-HF|Any CPU.Build.0 = Debug|Any CPU
		{E2AFAA90-1BA2-4DB3-A99D-A6004282C267}.PRE|Any CPU.ActiveCfg = Debug|Any CPU
		{E2AFAA90-1BA2-4DB3-A99D-A6004282C267}.PRE|Any CPU.Build.0 = Debug|Any CPU
		{E2AFAA90-1BA2-4DB3-A99D-A6004282C267}.QA|Any CPU.ActiveCfg = Debug|Any CPU
		{E2AFAA90-1BA2-4DB3-A99D-A6004282C267}.QA|Any CPU.Build.0 = Debug|Any CPU
		{E2AFAA90-1BA2-4DB3-A99D-A6004282C267}.Release|Any CPU.ActiveCfg = Release|Any CPU
		{E2AFAA90-1BA2-4DB3-A99D-A6004282C267}.Release|Any CPU.Build.0 = Release|Any CPU
		{E2AFAA90-1BA2-4DB3-A99D-A6004282C267}.TEST|Any CPU.ActiveCfg = Debug|Any CPU
		{E2AFAA90-1BA2-4DB3-A99D-A6004282C267}.TEST|Any CPU.Build.0 = Debug|Any CPU
		{C6444169-E29C-4B5B-B5EE-94E5CA4FF836}.Debug|Any CPU.ActiveCfg = Debug|Any CPU
		{C6444169-E29C-4B5B-B5EE-94E5CA4FF836}.Debug|Any CPU.Build.0 = Debug|Any CPU
		{C6444169-E29C-4B5B-B5EE-94E5CA4FF836}.DEV-HF|Any CPU.ActiveCfg = Debug|Any CPU
		{C6444169-E29C-4B5B-B5EE-94E5CA4FF836}.DEV-HF|Any CPU.Build.0 = Debug|Any CPU
		{C6444169-E29C-4B5B-B5EE-94E5CA4FF836}.PRE|Any CPU.ActiveCfg = Debug|Any CPU
		{C6444169-E29C-4B5B-B5EE-94E5CA4FF836}.PRE|Any CPU.Build.0 = Debug|Any CPU
		{C6444169-E29C-4B5B-B5EE-94E5CA4FF836}.QA|Any CPU.ActiveCfg = Debug|Any CPU
		{C6444169-E29C-4B5B-B5EE-94E5CA4FF836}.QA|Any CPU.Build.0 = Debug|Any CPU
		{C6444169-E29C-4B5B-B5EE-94E5CA4FF836}.Release|Any CPU.ActiveCfg = Release|Any CPU
		{C6444169-E29C-4B5B-B5EE-94E5CA4FF836}.Release|Any CPU.Build.0 = Release|Any CPU
		{C6444169-E29C-4B5B-B5EE-94E5CA4FF836}.TEST|Any CPU.ActiveCfg = Debug|Any CPU
		{C6444169-E29C-4B5B-B5EE-94E5CA4FF836}.TEST|Any CPU.Build.0 = Debug|Any CPU
		{1946BA1F-AFA5-44AB-81F2-A843EF24572B}.Debug|Any CPU.ActiveCfg = Debug|Any CPU
		{1946BA1F-AFA5-44AB-81F2-A843EF24572B}.Debug|Any CPU.Build.0 = Debug|Any CPU
		{1946BA1F-AFA5-44AB-81F2-A843EF24572B}.DEV-HF|Any CPU.ActiveCfg = Debug|Any CPU
		{1946BA1F-AFA5-44AB-81F2-A843EF24572B}.DEV-HF|Any CPU.Build.0 = Debug|Any CPU
		{1946BA1F-AFA5-44AB-81F2-A843EF24572B}.PRE|Any CPU.ActiveCfg = Debug|Any CPU
		{1946BA1F-AFA5-44AB-81F2-A843EF24572B}.PRE|Any CPU.Build.0 = Debug|Any CPU
		{1946BA1F-AFA5-44AB-81F2-A843EF24572B}.QA|Any CPU.ActiveCfg = Debug|Any CPU
		{1946BA1F-AFA5-44AB-81F2-A843EF24572B}.QA|Any CPU.Build.0 = Debug|Any CPU
		{1946BA1F-AFA5-44AB-81F2-A843EF24572B}.Release|Any CPU.ActiveCfg = Release|Any CPU
		{1946BA1F-AFA5-44AB-81F2-A843EF24572B}.Release|Any CPU.Build.0 = Release|Any CPU
		{1946BA1F-AFA5-44AB-81F2-A843EF24572B}.TEST|Any CPU.ActiveCfg = Debug|Any CPU
		{1946BA1F-AFA5-44AB-81F2-A843EF24572B}.TEST|Any CPU.Build.0 = Debug|Any CPU
		{64594CF9-A94D-4188-8FBE-70DA696CDE4B}.Debug|Any CPU.ActiveCfg = Debug|Any CPU
		{64594CF9-A94D-4188-8FBE-70DA696CDE4B}.Debug|Any CPU.Build.0 = Debug|Any CPU
		{64594CF9-A94D-4188-8FBE-70DA696CDE4B}.DEV-HF|Any CPU.ActiveCfg = Debug|Any CPU
		{64594CF9-A94D-4188-8FBE-70DA696CDE4B}.DEV-HF|Any CPU.Build.0 = Debug|Any CPU
		{64594CF9-A94D-4188-8FBE-70DA696CDE4B}.PRE|Any CPU.ActiveCfg = Debug|Any CPU
		{64594CF9-A94D-4188-8FBE-70DA696CDE4B}.PRE|Any CPU.Build.0 = Debug|Any CPU
		{64594CF9-A94D-4188-8FBE-70DA696CDE4B}.QA|Any CPU.ActiveCfg = Debug|Any CPU
		{64594CF9-A94D-4188-8FBE-70DA696CDE4B}.QA|Any CPU.Build.0 = Debug|Any CPU
		{64594CF9-A94D-4188-8FBE-70DA696CDE4B}.Release|Any CPU.ActiveCfg = Release|Any CPU
		{64594CF9-A94D-4188-8FBE-70DA696CDE4B}.Release|Any CPU.Build.0 = Release|Any CPU
		{64594CF9-A94D-4188-8FBE-70DA696CDE4B}.TEST|Any CPU.ActiveCfg = Debug|Any CPU
		{64594CF9-A94D-4188-8FBE-70DA696CDE4B}.TEST|Any CPU.Build.0 = Debug|Any CPU
	EndGlobalSection
	GlobalSection(SolutionProperties) = preSolution
		HideSolutionNode = FALSE
	EndGlobalSection
	GlobalSection(NestedProjects) = preSolution
		{77073001-05CF-4273-B51D-0CD857B66FFF} = {D89922A5-D1C2-4EDC-BCA9-300160187485}
	EndGlobalSection
	GlobalSection(ExtensibilityGlobals) = postSolution
		SolutionGuid = {101361B0-96D3-40B0-8818-D69388B1A16D}
	EndGlobalSection
EndGlobal
