<Solution>
  <Folder Name="/SolutionItems/" />
  <Folder Name="/SolutionItems/Build/">
    <File Path="../Directory.Packages.props" />
    <File Path="../version.json" />
    <File Path="Build/Versioning.targets" />
    <File Path="Directory.Build.props" />
    <File Path="Directory.Build.targets" />
  </Folder>
  <Folder Name="/SolutionItems/Scripts/" />
  <Folder Name="/Tests/">
    <Project Path="Tests/XrmFramework.Analyzers.Tests/XrmFramework.Analyzers.Tests.csproj" />
    <Project Path="Tests/XrmFramework.BindingModel.Tests/XrmFramework.BindingModel.Tests.csproj" />
    <Project Path="Tests/XrmFramework.Core.Tests/XrmFramework.Core.Tests.csproj" />
    <Project Path="Tests/XrmFramework.DeployUtils.Tests/XrmFramework.DeployUtils.Tests.csproj" />
    <Project Path="Tests/XrmFramework.Generators.Tests/XrmFramework.Generators.Tests.csproj" />
    <Project Path="Tests/XrmFramework.Plugin.Tests/XrmFramework.Plugin.Tests.csproj" />
    <Project Path="Tests/XrmFramework.PluginInventory.Tests/XrmFramework.PluginInventory.Tests.csproj" />
    <Project Path="Tests/XrmFramework.Tests/XrmFramework.Tests.csproj" />
    <Project Path="Tests/XrmFramework.Workflows.Tests/XrmFramework.Workflows.Tests.csproj" />
  </Folder>
  <Project Path="XrmFramework.Analyzers.CodeFixes/XrmFramework.Analyzers.CodeFixes.csproj" />
  <Project Path="XrmFramework.Analyzers/XrmFramework.Analyzers.csproj" />
  <Project Path="XrmFramework.Cli/XrmFramework.Cli.csproj" />
  <Project Path="XrmFramework.Core/XrmFramework.Core.csproj" />
  <Project Path="XrmFramework.CoreProject.OnPremise/XrmFramework.CoreProject.OnPremise.csproj" />
  <Project Path="XrmFramework.CoreProject/XrmFramework.CoreProject.csproj" />
  <Project Path="XrmFramework.DefinitionManager/XrmFramework.DefinitionManager.csproj" />
  <Project Path="XrmFramework.DeployUtils/XrmFramework.DeployUtils.csproj" />
  <Project Path="XrmFramework.Plugin.Tests/XrmFramework.Plugin.Tests.csproj" />
  <Project Path="XrmFramework.Plugin/XrmFramework.Plugin.csproj" />
  <Project Path="XrmFramework.PluginInventory/XrmFramework.PluginInventory.csproj" />
  <Project Path="XrmFramework.RemoteDebugger.Client/XrmFramework.RemoteDebugger.Client.csproj" />
  <Project Path="XrmFramework.RemoteDebugger.Generator/XrmFramework.RemoteDebugger.Generator.csproj" />
  <Project Path="XrmFramework.Templates/XrmFramework.Templates.csproj" />
  <Project Path="XrmFramework.TypeScript/XrmFramework.TypeScript.csproj" />
  <Project Path="XrmFramework.Workflows/XrmFramework.Workflows.csproj" />
  <Project Path="XrmFramework/XrmFramework.csproj" />
</Solution>
