
Microsoft Visual Studio Solution File, Format Version 12.00
# Visual Studio Version 16
VisualStudioVersion = 16.0.29306.81
MinimumVisualStudioVersion = 10.0.40219.1
Project("{2150E333-8FDC-42A3-9474-1A3956D46DE8}") = "Config", "Config", "{B587A0E4-93C6-4183-98CD-D2B5AD37DAE7}"
	ProjectSection(SolutionItems) = preProject
		Config\App.config = Config\App.config
		Config\connectionStrings.config = Config\connectionStrings.config
	EndProjectSection
EndProject
Project("{2150E333-8FDC-42A3-9474-1A3956D46DE8}") = "Utils", "Utils", "{3A5567BD-E6A2-4FDA-9B82-F6A19437EFF2}"
EndProject
Project("{2150E333-8FDC-42A3-9474-1A3956D46DE8}") = "Deploy", "Deploy", "{DF70632B-693A-4DED-A688-F21A192C479F}"
EndProject
Project("{FAE04EC0-301F-11D3-BF4B-00C04F79EFBC}") = "XrmProject.Utils", "Deploy\XrmProject.Utils\XrmProject.Utils.csproj", "{F2225A80-4277-4038-967D-FC2589B32696}"
EndProject
Project("{FAE04EC0-301F-11D3-BF4B-00C04F79EFBC}") = "Deploy.Plugins", "Deploy\Deploy.Plugins\Deploy.Plugins.csproj", "{0ED1E16F-C6A9-46E2-8DF3-D83AD5B60EA4}"
EndProject
Project("{FAE04EC0-301F-11D3-BF4B-00C04F79EFBC}") = "Plugins", "Plugins\Plugins.csproj", "{1A5923AD-A835-4441-85F5-D79C355EFF8D}"
EndProject
Project("{FAE04EC0-301F-11D3-BF4B-00C04F79EFBC}") = "Deploy.Webresources", "Deploy\Deploy.Webresources\Deploy.Webresources.csproj", "{E283D32D-5078-4913-92D8-7C1BDDD1FF4F}"
EndProject
Project("{2150E333-8FDC-42A3-9474-1A3956D46DE8}") = "Utils", "Utils", "{6A4B5EBC-601C-4953-B563-00B7B9EE2920}"
EndProject
Project("{D954291E-2A0B-460D-934E-DC6B0785DB48}") = "Model", "Model\Model.shproj", "{084F560A-53D0-4F7A-B1EB-D32E13D92ABF}"
EndProject
Project("{FAE04EC0-301F-11D3-BF4B-00C04F79EFBC}") = "ManageServices", "Deploy\ManageServices\ManageServices.csproj", "{D2BF0B88-B68B-439E-832D-39D4641108F5}"
EndProject
Project("{D954291E-2A0B-460D-934E-DC6B0785DB48}") = "LoggedServices", "Utils\LoggedServices\LoggedServices.shproj", "{43FC4FE4-E704-409C-9811-1BA2BF1FF4F6}"
EndProject
Project("{FAE04EC0-301F-11D3-BF4B-00C04F79EFBC}") = "DefinitionManager", "Deploy\DefinitionManager\DefinitionManager.csproj", "{EB312523-C755-42A8-9C96-EFF5106603F5}"
EndProject
Project("{FAE04EC0-301F-11D3-BF4B-00C04F79EFBC}") = "Workflows", "Workflows\Workflows.csproj", "{E1FBD16E-7978-4C6B-8FEB-192E0EA05B38}"
EndProject
Project("{FAE04EC0-301F-11D3-BF4B-00C04F79EFBC}") = "Deploy.Workflows", "Deploy\Deploy.Workflows\Deploy.Workflows.csproj", "{E4BC7DE4-823F-41F9-8312-A58149C910C6}"
EndProject
Project("{FAE04EC0-301F-11D3-BF4B-00C04F79EFBC}") = "Webresources", "Webresources\Webresources.csproj", "{FCB88C92-B5F1-40BD-9A9C-2C5949BD4D1E}"
EndProject
Project("{2150E333-8FDC-42A3-9474-1A3956D46DE8}") = "Test", "Test", "{EBA0AD2C-313B-46CB-A22D-22B396F29F66}"
EndProject
Project("{FAE04EC0-301F-11D3-BF4B-00C04F79EFBC}") = "UnitTest.Plugins", "UnitTest.Plugins\UnitTest.Plugins.csproj", "{3DD56EC9-A1F2-42A7-85CB-56987E1EB231}"
EndProject
Project("{FAE04EC0-301F-11D3-BF4B-00C04F79EFBC}") = "UnitTest.Workflows", "UnitTest.Workflows\UnitTest.Workflows.csproj", "{047CFB89-8256-4432-A09E-5B60E8A45A86}"
EndProject
Project("{FAE04EC0-301F-11D3-BF4B-00C04F79EFBC}") = "Plugins.Tests", "Tests\Plugins.Tests\Plugins.Tests.csproj", "{23D7ABC7-E069-4695-8A7A-64AF65EB7BD4}"
EndProject
Project("{D954291E-2A0B-460D-934E-DC6B0785DB48}") = "Tests.Common", "Tests\Tests.Common\Tests.Common.shproj", "{3F08E25E-5E77-4BCC-8A4C-9882D0F308CD}"
EndProject
Project("{2150E333-8FDC-42A3-9474-1A3956D46DE8}") = "Batches", "Batches", "{0B46AD2E-3A3D-4387-95CB-6066FCDF70A6}"
EndProject
Project("{D954291E-2A0B-460D-934E-DC6B0785DB48}") = "XrmFramework.Common", "Utils\XrmFramework.Common\XrmFramework.Common.shproj", "{FF9FF6D8-4320-493A-8C59-96C0D816E095}"
EndProject
Project("{D954291E-2A0B-460D-934E-DC6B0785DB48}") = "XrmFramework.SdkExtension", "Utils\XrmFramework.SdkExtension\XrmFramework.SdkExtension.shproj", "{32625F1C-2F2F-4347-858B-8B78AB673CF0}"
EndProject
Project("{D954291E-2A0B-460D-934E-DC6B0785DB48}") = "NewtonSoft.Json", "Utils\NewtonSoft.Json\NewtonSoft.Json.shproj", "{651CDC43-48BA-430B-BA89-8C2F1A25542A}"
EndProject
Project("{FAE04EC0-301F-11D3-BF4B-00C04F79EFBC}") = "Debug.Plugins", "Tests\Debug.Plugins\Debug.Plugins.csproj", "{0745D37F-C890-4C3D-B1A1-664EA9400C0C}"
EndProject
Global
	GlobalSection(SharedMSBuildProjectFiles) = preSolution
		Model\Model.projitems*{084f560a-53d0-4f7a-b1eb-d32e13d92abf}*SharedItemsImports = 13
		Model\Model.projitems*{1a5923ad-a835-4441-85f5-d79c355eff8d}*SharedItemsImports = 4
		Utils\LoggedServices\LoggedServices.projitems*{1a5923ad-a835-4441-85f5-d79c355eff8d}*SharedItemsImports = 4
		Utils\NewtonSoft.Json\NewtonSoft.Json.projitems*{1a5923ad-a835-4441-85f5-d79c355eff8d}*SharedItemsImports = 4
		Utils\XrmFramework.Common\XrmFramework.Common.projitems*{1a5923ad-a835-4441-85f5-d79c355eff8d}*SharedItemsImports = 4
		Utils\XrmFramework.SdkExtension\XrmFramework.SdkExtension.projitems*{1a5923ad-a835-4441-85f5-d79c355eff8d}*SharedItemsImports = 4
		Tests\Tests.Common\Tests.Common.projitems*{23d7abc7-e069-4695-8a7a-64af65eb7bd4}*SharedItemsImports = 4
		Utils\XrmFramework.SdkExtension\XrmFramework.SdkExtension.projitems*{32625f1c-2f2f-4347-858b-8b78ab673cf0}*SharedItemsImports = 13
		Tests\Tests.Common\Tests.Common.projitems*{3f08e25e-5e77-4bcc-8a4c-9882d0f308cd}*SharedItemsImports = 13
		Utils\LoggedServices\LoggedServices.projitems*{43fc4fe4-e704-409c-9811-1ba2bf1ff4f6}*SharedItemsImports = 13
		Utils\NewtonSoft.Json\NewtonSoft.Json.projitems*{651cdc43-48ba-430b-ba89-8c2f1a25542a}*SharedItemsImports = 13
		Model\Model.projitems*{d2bf0b88-b68b-439e-832d-39d4641108f5}*SharedItemsImports = 4
		Utils\XrmFramework.Common\XrmFramework.Common.projitems*{d2bf0b88-b68b-439e-832d-39d4641108f5}*SharedItemsImports = 4
		Utils\XrmFramework.SdkExtension\XrmFramework.SdkExtension.projitems*{d2bf0b88-b68b-439e-832d-39d4641108f5}*SharedItemsImports = 4
		Model\Model.projitems*{e1fbd16e-7978-4c6b-8feb-192e0ea05b38}*SharedItemsImports = 4
		Utils\LoggedServices\LoggedServices.projitems*{e1fbd16e-7978-4c6b-8feb-192e0ea05b38}*SharedItemsImports = 4
		Utils\NewtonSoft.Json\NewtonSoft.Json.projitems*{e1fbd16e-7978-4c6b-8feb-192e0ea05b38}*SharedItemsImports = 4
		Utils\XrmFramework.Common\XrmFramework.Common.projitems*{e1fbd16e-7978-4c6b-8feb-192e0ea05b38}*SharedItemsImports = 4
		Utils\XrmFramework.SdkExtension\XrmFramework.SdkExtension.projitems*{e1fbd16e-7978-4c6b-8feb-192e0ea05b38}*SharedItemsImports = 4
		Model\Model.projitems*{eb312523-c755-42a8-9c96-eff5106603f5}*SharedItemsImports = 4
		Utils\XrmFramework.Common\XrmFramework.Common.projitems*{eb312523-c755-42a8-9c96-eff5106603f5}*SharedItemsImports = 4
		Utils\XrmFramework.SdkExtension\XrmFramework.SdkExtension.projitems*{eb312523-c755-42a8-9c96-eff5106603f5}*SharedItemsImports = 4
		Utils\XrmFramework.Common\XrmFramework.Common.projitems*{ff9ff6d8-4320-493a-8c59-96c0d816e095}*SharedItemsImports = 13
	EndGlobalSection
	GlobalSection(SolutionConfigurationPlatforms) = preSolution
		Debug|Any CPU = Debug|Any CPU
		DEV-HF|Any CPU = DEV-HF|Any CPU
		PRE|Any CPU = PRE|Any CPU
		QA|Any CPU = QA|Any CPU
		Release|Any CPU = Release|Any CPU
		TEST|Any CPU = TEST|Any CPU
	EndGlobalSection
	GlobalSection(ProjectConfigurationPlatforms) = postSolution
		{F2225A80-4277-4038-967D-FC2589B32696}.Debug|Any CPU.ActiveCfg = Debug|Any CPU
		{F2225A80-4277-4038-967D-FC2589B32696}.Debug|Any CPU.Build.0 = Debug|Any CPU
		{F2225A80-4277-4038-967D-FC2589B32696}.DEV-HF|Any CPU.ActiveCfg = Debug|Any CPU
		{F2225A80-4277-4038-967D-FC2589B32696}.DEV-HF|Any CPU.Build.0 = Debug|Any CPU
		{F2225A80-4277-4038-967D-FC2589B32696}.PRE|Any CPU.ActiveCfg = Release|Any CPU
		{F2225A80-4277-4038-967D-FC2589B32696}.PRE|Any CPU.Build.0 = Release|Any CPU
		{F2225A80-4277-4038-967D-FC2589B32696}.QA|Any CPU.ActiveCfg = Release|Any CPU
		{F2225A80-4277-4038-967D-FC2589B32696}.QA|Any CPU.Build.0 = Release|Any CPU
		{F2225A80-4277-4038-967D-FC2589B32696}.Release|Any CPU.ActiveCfg = Release|Any CPU
		{F2225A80-4277-4038-967D-FC2589B32696}.Release|Any CPU.Build.0 = Release|Any CPU
		{F2225A80-4277-4038-967D-FC2589B32696}.TEST|Any CPU.ActiveCfg = Release|Any CPU
		{F2225A80-4277-4038-967D-FC2589B32696}.TEST|Any CPU.Build.0 = Release|Any CPU
		{0ED1E16F-C6A9-46E2-8DF3-D83AD5B60EA4}.Debug|Any CPU.ActiveCfg = Debug|Any CPU
		{0ED1E16F-C6A9-46E2-8DF3-D83AD5B60EA4}.Debug|Any CPU.Build.0 = Debug|Any CPU
		{0ED1E16F-C6A9-46E2-8DF3-D83AD5B60EA4}.DEV-HF|Any CPU.ActiveCfg = Debug|Any CPU
		{0ED1E16F-C6A9-46E2-8DF3-D83AD5B60EA4}.DEV-HF|Any CPU.Build.0 = Debug|Any CPU
		{0ED1E16F-C6A9-46E2-8DF3-D83AD5B60EA4}.PRE|Any CPU.ActiveCfg = Release|Any CPU
		{0ED1E16F-C6A9-46E2-8DF3-D83AD5B60EA4}.PRE|Any CPU.Build.0 = Release|Any CPU
		{0ED1E16F-C6A9-46E2-8DF3-D83AD5B60EA4}.QA|Any CPU.ActiveCfg = Release|Any CPU
		{0ED1E16F-C6A9-46E2-8DF3-D83AD5B60EA4}.QA|Any CPU.Build.0 = Release|Any CPU
		{0ED1E16F-C6A9-46E2-8DF3-D83AD5B60EA4}.Release|Any CPU.ActiveCfg = Release|Any CPU
		{0ED1E16F-C6A9-46E2-8DF3-D83AD5B60EA4}.Release|Any CPU.Build.0 = Release|Any CPU
		{0ED1E16F-C6A9-46E2-8DF3-D83AD5B60EA4}.TEST|Any CPU.ActiveCfg = Release|Any CPU
		{0ED1E16F-C6A9-46E2-8DF3-D83AD5B60EA4}.TEST|Any CPU.Build.0 = Release|Any CPU
		{1A5923AD-A835-4441-85F5-D79C355EFF8D}.Debug|Any CPU.ActiveCfg = Debug|Any CPU
		{1A5923AD-A835-4441-85F5-D79C355EFF8D}.Debug|Any CPU.Build.0 = Debug|Any CPU
		{1A5923AD-A835-4441-85F5-D79C355EFF8D}.DEV-HF|Any CPU.ActiveCfg = Debug|Any CPU
		{1A5923AD-A835-4441-85F5-D79C355EFF8D}.DEV-HF|Any CPU.Build.0 = Debug|Any CPU
		{1A5923AD-A835-4441-85F5-D79C355EFF8D}.PRE|Any CPU.ActiveCfg = Release|Any CPU
		{1A5923AD-A835-4441-85F5-D79C355EFF8D}.PRE|Any CPU.Build.0 = Release|Any CPU
		{1A5923AD-A835-4441-85F5-D79C355EFF8D}.QA|Any CPU.ActiveCfg = Release|Any CPU
		{1A5923AD-A835-4441-85F5-D79C355EFF8D}.QA|Any CPU.Build.0 = Release|Any CPU
		{1A5923AD-A835-4441-85F5-D79C355EFF8D}.Release|Any CPU.ActiveCfg = Release|Any CPU
		{1A5923AD-A835-4441-85F5-D79C355EFF8D}.Release|Any CPU.Build.0 = Release|Any CPU
		{1A5923AD-A835-4441-85F5-D79C355EFF8D}.TEST|Any CPU.ActiveCfg = Release|Any CPU
		{1A5923AD-A835-4441-85F5-D79C355EFF8D}.TEST|Any CPU.Build.0 = Release|Any CPU
		{E283D32D-5078-4913-92D8-7C1BDDD1FF4F}.Debug|Any CPU.ActiveCfg = Debug|Any CPU
		{E283D32D-5078-4913-92D8-7C1BDDD1FF4F}.Debug|Any CPU.Build.0 = Debug|Any CPU
		{E283D32D-5078-4913-92D8-7C1BDDD1FF4F}.DEV-HF|Any CPU.ActiveCfg = Debug|Any CPU
		{E283D32D-5078-4913-92D8-7C1BDDD1FF4F}.DEV-HF|Any CPU.Build.0 = Debug|Any CPU
		{E283D32D-5078-4913-92D8-7C1BDDD1FF4F}.PRE|Any CPU.ActiveCfg = Release|Any CPU
		{E283D32D-5078-4913-92D8-7C1BDDD1FF4F}.PRE|Any CPU.Build.0 = Release|Any CPU
		{E283D32D-5078-4913-92D8-7C1BDDD1FF4F}.QA|Any CPU.ActiveCfg = Release|Any CPU
		{E283D32D-5078-4913-92D8-7C1BDDD1FF4F}.QA|Any CPU.Build.0 = Release|Any CPU
		{E283D32D-5078-4913-92D8-7C1BDDD1FF4F}.Release|Any CPU.ActiveCfg = Release|Any CPU
		{E283D32D-5078-4913-92D8-7C1BDDD1FF4F}.Release|Any CPU.Build.0 = Release|Any CPU
		{E283D32D-5078-4913-92D8-7C1BDDD1FF4F}.TEST|Any CPU.ActiveCfg = Release|Any CPU
		{E283D32D-5078-4913-92D8-7C1BDDD1FF4F}.TEST|Any CPU.Build.0 = Release|Any CPU
		{D2BF0B88-B68B-439E-832D-39D4641108F5}.Debug|Any CPU.ActiveCfg = Debug|Any CPU
		{D2BF0B88-B68B-439E-832D-39D4641108F5}.Debug|Any CPU.Build.0 = Debug|Any CPU
		{D2BF0B88-B68B-439E-832D-39D4641108F5}.DEV-HF|Any CPU.ActiveCfg = Debug|Any CPU
		{D2BF0B88-B68B-439E-832D-39D4641108F5}.DEV-HF|Any CPU.Build.0 = Debug|Any CPU
		{D2BF0B88-B68B-439E-832D-39D4641108F5}.PRE|Any CPU.ActiveCfg = Release|Any CPU
		{D2BF0B88-B68B-439E-832D-39D4641108F5}.PRE|Any CPU.Build.0 = Release|Any CPU
		{D2BF0B88-B68B-439E-832D-39D4641108F5}.QA|Any CPU.ActiveCfg = Release|Any CPU
		{D2BF0B88-B68B-439E-832D-39D4641108F5}.QA|Any CPU.Build.0 = Release|Any CPU
		{D2BF0B88-B68B-439E-832D-39D4641108F5}.Release|Any CPU.ActiveCfg = Release|Any CPU
		{D2BF0B88-B68B-439E-832D-39D4641108F5}.Release|Any CPU.Build.0 = Release|Any CPU
		{D2BF0B88-B68B-439E-832D-39D4641108F5}.TEST|Any CPU.ActiveCfg = Release|Any CPU
		{D2BF0B88-B68B-439E-832D-39D4641108F5}.TEST|Any CPU.Build.0 = Release|Any CPU
		{EB312523-C755-42A8-9C96-EFF5106603F5}.Debug|Any CPU.ActiveCfg = Debug|Any CPU
		{EB312523-C755-42A8-9C96-EFF5106603F5}.Debug|Any CPU.Build.0 = Debug|Any CPU
		{EB312523-C755-42A8-9C96-EFF5106603F5}.DEV-HF|Any CPU.ActiveCfg = Debug|Any CPU
		{EB312523-C755-42A8-9C96-EFF5106603F5}.DEV-HF|Any CPU.Build.0 = Debug|Any CPU
		{EB312523-C755-42A8-9C96-EFF5106603F5}.PRE|Any CPU.ActiveCfg = Release|Any CPU
		{EB312523-C755-42A8-9C96-EFF5106603F5}.PRE|Any CPU.Build.0 = Release|Any CPU
		{EB312523-C755-42A8-9C96-EFF5106603F5}.QA|Any CPU.ActiveCfg = Release|Any CPU
		{EB312523-C755-42A8-9C96-EFF5106603F5}.QA|Any CPU.Build.0 = Release|Any CPU
		{EB312523-C755-42A8-9C96-EFF5106603F5}.Release|Any CPU.ActiveCfg = Release|Any CPU
		{EB312523-C755-42A8-9C96-EFF5106603F5}.Release|Any CPU.Build.0 = Release|Any CPU
		{EB312523-C755-42A8-9C96-EFF5106603F5}.TEST|Any CPU.ActiveCfg = Release|Any CPU
		{EB312523-C755-42A8-9C96-EFF5106603F5}.TEST|Any CPU.Build.0 = Release|Any CPU
		{E1FBD16E-7978-4C6B-8FEB-192E0EA05B38}.Debug|Any CPU.ActiveCfg = Debug|Any CPU
		{E1FBD16E-7978-4C6B-8FEB-192E0EA05B38}.Debug|Any CPU.Build.0 = Debug|Any CPU
		{E1FBD16E-7978-4C6B-8FEB-192E0EA05B38}.DEV-HF|Any CPU.ActiveCfg = Debug|Any CPU
		{E1FBD16E-7978-4C6B-8FEB-192E0EA05B38}.DEV-HF|Any CPU.Build.0 = Debug|Any CPU
		{E1FBD16E-7978-4C6B-8FEB-192E0EA05B38}.PRE|Any CPU.ActiveCfg = Release|Any CPU
		{E1FBD16E-7978-4C6B-8FEB-192E0EA05B38}.PRE|Any CPU.Build.0 = Release|Any CPU
		{E1FBD16E-7978-4C6B-8FEB-192E0EA05B38}.QA|Any CPU.ActiveCfg = Release|Any CPU
		{E1FBD16E-7978-4C6B-8FEB-192E0EA05B38}.QA|Any CPU.Build.0 = Release|Any CPU
		{E1FBD16E-7978-4C6B-8FEB-192E0EA05B38}.Release|Any CPU.ActiveCfg = Release|Any CPU
		{E1FBD16E-7978-4C6B-8FEB-192E0EA05B38}.Release|Any CPU.Build.0 = Release|Any CPU
		{E1FBD16E-7978-4C6B-8FEB-192E0EA05B38}.TEST|Any CPU.ActiveCfg = Release|Any CPU
		{E1FBD16E-7978-4C6B-8FEB-192E0EA05B38}.TEST|Any CPU.Build.0 = Release|Any CPU
		{E4BC7DE4-823F-41F9-8312-A58149C910C6}.Debug|Any CPU.ActiveCfg = Debug|Any CPU
		{E4BC7DE4-823F-41F9-8312-A58149C910C6}.Debug|Any CPU.Build.0 = Debug|Any CPU
		{E4BC7DE4-823F-41F9-8312-A58149C910C6}.DEV-HF|Any CPU.ActiveCfg = Debug|Any CPU
		{E4BC7DE4-823F-41F9-8312-A58149C910C6}.DEV-HF|Any CPU.Build.0 = Debug|Any CPU
		{E4BC7DE4-823F-41F9-8312-A58149C910C6}.PRE|Any CPU.ActiveCfg = Release|Any CPU
		{E4BC7DE4-823F-41F9-8312-A58149C910C6}.PRE|Any CPU.Build.0 = Release|Any CPU
		{E4BC7DE4-823F-41F9-8312-A58149C910C6}.QA|Any CPU.ActiveCfg = Release|Any CPU
		{E4BC7DE4-823F-41F9-8312-A58149C910C6}.QA|Any CPU.Build.0 = Release|Any CPU
		{E4BC7DE4-823F-41F9-8312-A58149C910C6}.Release|Any CPU.ActiveCfg = Release|Any CPU
		{E4BC7DE4-823F-41F9-8312-A58149C910C6}.Release|Any CPU.Build.0 = Release|Any CPU
		{E4BC7DE4-823F-41F9-8312-A58149C910C6}.TEST|Any CPU.ActiveCfg = Release|Any CPU
		{E4BC7DE4-823F-41F9-8312-A58149C910C6}.TEST|Any CPU.Build.0 = Release|Any CPU
		{FCB88C92-B5F1-40BD-9A9C-2C5949BD4D1E}.Debug|Any CPU.ActiveCfg = Debug|Any CPU
		{FCB88C92-B5F1-40BD-9A9C-2C5949BD4D1E}.DEV-HF|Any CPU.ActiveCfg = Debug|Any CPU
		{FCB88C92-B5F1-40BD-9A9C-2C5949BD4D1E}.DEV-HF|Any CPU.Build.0 = Debug|Any CPU
		{FCB88C92-B5F1-40BD-9A9C-2C5949BD4D1E}.PRE|Any CPU.ActiveCfg = Release|Any CPU
		{FCB88C92-B5F1-40BD-9A9C-2C5949BD4D1E}.PRE|Any CPU.Build.0 = Release|Any CPU
		{FCB88C92-B5F1-40BD-9A9C-2C5949BD4D1E}.QA|Any CPU.ActiveCfg = Release|Any CPU
		{FCB88C92-B5F1-40BD-9A9C-2C5949BD4D1E}.QA|Any CPU.Build.0 = Release|Any CPU
		{FCB88C92-B5F1-40BD-9A9C-2C5949BD4D1E}.Release|Any CPU.ActiveCfg = Release|Any CPU
		{FCB88C92-B5F1-40BD-9A9C-2C5949BD4D1E}.Release|Any CPU.Build.0 = Release|Any CPU
		{FCB88C92-B5F1-40BD-9A9C-2C5949BD4D1E}.TEST|Any CPU.ActiveCfg = Release|Any CPU
		{FCB88C92-B5F1-40BD-9A9C-2C5949BD4D1E}.TEST|Any CPU.Build.0 = Release|Any CPU
		{3DD56EC9-A1F2-42A7-85CB-56987E1EB231}.Debug|Any CPU.ActiveCfg = Debug|Any CPU
		{3DD56EC9-A1F2-42A7-85CB-56987E1EB231}.Debug|Any CPU.Build.0 = Debug|Any CPU
		{3DD56EC9-A1F2-42A7-85CB-56987E1EB231}.DEV-HF|Any CPU.ActiveCfg = Debug|Any CPU
		{3DD56EC9-A1F2-42A7-85CB-56987E1EB231}.DEV-HF|Any CPU.Build.0 = Debug|Any CPU
		{3DD56EC9-A1F2-42A7-85CB-56987E1EB231}.PRE|Any CPU.ActiveCfg = Release|Any CPU
		{3DD56EC9-A1F2-42A7-85CB-56987E1EB231}.PRE|Any CPU.Build.0 = Release|Any CPU
		{3DD56EC9-A1F2-42A7-85CB-56987E1EB231}.QA|Any CPU.ActiveCfg = Release|Any CPU
		{3DD56EC9-A1F2-42A7-85CB-56987E1EB231}.QA|Any CPU.Build.0 = Release|Any CPU
		{3DD56EC9-A1F2-42A7-85CB-56987E1EB231}.Release|Any CPU.ActiveCfg = Release|Any CPU
		{3DD56EC9-A1F2-42A7-85CB-56987E1EB231}.Release|Any CPU.Build.0 = Release|Any CPU
		{3DD56EC9-A1F2-42A7-85CB-56987E1EB231}.TEST|Any CPU.ActiveCfg = Release|Any CPU
		{3DD56EC9-A1F2-42A7-85CB-56987E1EB231}.TEST|Any CPU.Build.0 = Release|Any CPU
		{047CFB89-8256-4432-A09E-5B60E8A45A86}.Debug|Any CPU.ActiveCfg = Debug|Any CPU
		{047CFB89-8256-4432-A09E-5B60E8A45A86}.Debug|Any CPU.Build.0 = Debug|Any CPU
		{047CFB89-8256-4432-A09E-5B60E8A45A86}.DEV-HF|Any CPU.ActiveCfg = Debug|Any CPU
		{047CFB89-8256-4432-A09E-5B60E8A45A86}.DEV-HF|Any CPU.Build.0 = Debug|Any CPU
		{047CFB89-8256-4432-A09E-5B60E8A45A86}.PRE|Any CPU.ActiveCfg = Release|Any CPU
		{047CFB89-8256-4432-A09E-5B60E8A45A86}.PRE|Any CPU.Build.0 = Release|Any CPU
		{047CFB89-8256-4432-A09E-5B60E8A45A86}.QA|Any CPU.ActiveCfg = Release|Any CPU
		{047CFB89-8256-4432-A09E-5B60E8A45A86}.QA|Any CPU.Build.0 = Release|Any CPU
		{047CFB89-8256-4432-A09E-5B60E8A45A86}.Release|Any CPU.ActiveCfg = Release|Any CPU
		{047CFB89-8256-4432-A09E-5B60E8A45A86}.Release|Any CPU.Build.0 = Release|Any CPU
		{047CFB89-8256-4432-A09E-5B60E8A45A86}.TEST|Any CPU.ActiveCfg = Release|Any CPU
		{047CFB89-8256-4432-A09E-5B60E8A45A86}.TEST|Any CPU.Build.0 = Release|Any CPU
		{23D7ABC7-E069-4695-8A7A-64AF65EB7BD4}.Debug|Any CPU.ActiveCfg = Debug|Any CPU
		{23D7ABC7-E069-4695-8A7A-64AF65EB7BD4}.Debug|Any CPU.Build.0 = Debug|Any CPU
		{23D7ABC7-E069-4695-8A7A-64AF65EB7BD4}.DEV-HF|Any CPU.ActiveCfg = Debug|Any CPU
		{23D7ABC7-E069-4695-8A7A-64AF65EB7BD4}.DEV-HF|Any CPU.Build.0 = Debug|Any CPU
		{23D7ABC7-E069-4695-8A7A-64AF65EB7BD4}.PRE|Any CPU.ActiveCfg = Release|Any CPU
		{23D7ABC7-E069-4695-8A7A-64AF65EB7BD4}.PRE|Any CPU.Build.0 = Release|Any CPU
		{23D7ABC7-E069-4695-8A7A-64AF65EB7BD4}.QA|Any CPU.ActiveCfg = Release|Any CPU
		{23D7ABC7-E069-4695-8A7A-64AF65EB7BD4}.QA|Any CPU.Build.0 = Release|Any CPU
		{23D7ABC7-E069-4695-8A7A-64AF65EB7BD4}.Release|Any CPU.ActiveCfg = Release|Any CPU
		{23D7ABC7-E069-4695-8A7A-64AF65EB7BD4}.Release|Any CPU.Build.0 = Release|Any CPU
		{23D7ABC7-E069-4695-8A7A-64AF65EB7BD4}.TEST|Any CPU.ActiveCfg = Release|Any CPU
		{23D7ABC7-E069-4695-8A7A-64AF65EB7BD4}.TEST|Any CPU.Build.0 = Release|Any CPU
		{0745D37F-C890-4C3D-B1A1-664EA9400C0C}.Debug|Any CPU.ActiveCfg = Debug|Any CPU
		{0745D37F-C890-4C3D-B1A1-664EA9400C0C}.Debug|Any CPU.Build.0 = Debug|Any CPU
		{0745D37F-C890-4C3D-B1A1-664EA9400C0C}.DEV-HF|Any CPU.ActiveCfg = Debug|Any CPU
		{0745D37F-C890-4C3D-B1A1-664EA9400C0C}.DEV-HF|Any CPU.Build.0 = Debug|Any CPU
		{0745D37F-C890-4C3D-B1A1-664EA9400C0C}.PRE|Any CPU.ActiveCfg = Release|Any CPU
		{0745D37F-C890-4C3D-B1A1-664EA9400C0C}.PRE|Any CPU.Build.0 = Release|Any CPU
		{0745D37F-C890-4C3D-B1A1-664EA9400C0C}.QA|Any CPU.ActiveCfg = Release|Any CPU
		{0745D37F-C890-4C3D-B1A1-664EA9400C0C}.QA|Any CPU.Build.0 = Release|Any CPU
		{0745D37F-C890-4C3D-B1A1-664EA9400C0C}.Release|Any CPU.ActiveCfg = Release|Any CPU
		{0745D37F-C890-4C3D-B1A1-664EA9400C0C}.Release|Any CPU.Build.0 = Release|Any CPU
		{0745D37F-C890-4C3D-B1A1-664EA9400C0C}.TEST|Any CPU.ActiveCfg = Release|Any CPU
		{0745D37F-C890-4C3D-B1A1-664EA9400C0C}.TEST|Any CPU.Build.0 = Release|Any CPU
	EndGlobalSection
	GlobalSection(SolutionProperties) = preSolution
		HideSolutionNode = FALSE
	EndGlobalSection
	GlobalSection(NestedProjects) = preSolution
		{F2225A80-4277-4038-967D-FC2589B32696} = {6A4B5EBC-601C-4953-B563-00B7B9EE2920}
		{0ED1E16F-C6A9-46E2-8DF3-D83AD5B60EA4} = {DF70632B-693A-4DED-A688-F21A192C479F}
		{E283D32D-5078-4913-92D8-7C1BDDD1FF4F} = {DF70632B-693A-4DED-A688-F21A192C479F}
		{6A4B5EBC-601C-4953-B563-00B7B9EE2920} = {DF70632B-693A-4DED-A688-F21A192C479F}
		{D2BF0B88-B68B-439E-832D-39D4641108F5} = {DF70632B-693A-4DED-A688-F21A192C479F}
		{43FC4FE4-E704-409C-9811-1BA2BF1FF4F6} = {3A5567BD-E6A2-4FDA-9B82-F6A19437EFF2}
		{EB312523-C755-42A8-9C96-EFF5106603F5} = {DF70632B-693A-4DED-A688-F21A192C479F}
		{E4BC7DE4-823F-41F9-8312-A58149C910C6} = {DF70632B-693A-4DED-A688-F21A192C479F}
		{3DD56EC9-A1F2-42A7-85CB-56987E1EB231} = {EBA0AD2C-313B-46CB-A22D-22B396F29F66}
		{047CFB89-8256-4432-A09E-5B60E8A45A86} = {EBA0AD2C-313B-46CB-A22D-22B396F29F66}
		{23D7ABC7-E069-4695-8A7A-64AF65EB7BD4} = {EBA0AD2C-313B-46CB-A22D-22B396F29F66}
		{3F08E25E-5E77-4BCC-8A4C-9882D0F308CD} = {EBA0AD2C-313B-46CB-A22D-22B396F29F66}
		{FF9FF6D8-4320-493A-8C59-96C0D816E095} = {3A5567BD-E6A2-4FDA-9B82-F6A19437EFF2}
		{32625F1C-2F2F-4347-858B-8B78AB673CF0} = {3A5567BD-E6A2-4FDA-9B82-F6A19437EFF2}
		{651CDC43-48BA-430B-BA89-8C2F1A25542A} = {3A5567BD-E6A2-4FDA-9B82-F6A19437EFF2}
		{0745D37F-C890-4C3D-B1A1-664EA9400C0C} = {EBA0AD2C-313B-46CB-A22D-22B396F29F66}
	EndGlobalSection
	GlobalSection(ExtensibilityGlobals) = postSolution
		SolutionGuid = {101361B0-96D3-40B0-8818-D69388B1A16D}
	EndGlobalSection
EndGlobal
