
Microsoft Visual Studio Solution File, Format Version 12.00
# Visual Studio Version 17
VisualStudioVersion = 17.1.32407.343
MinimumVisualStudioVersion = 10.0.40219.1
Project("{2150E333-8FDC-42A3-9474-1A3956D46DE8}") = "SolutionItems", "SolutionItems", "{D89922A5-D1C2-4EDC-BCA9-300160187485}"
	ProjectSection(SolutionItems) = preProject
		.gitignore = .gitignore
	EndProjectSection
EndProject
Project("{2150E333-8FDC-42A3-9474-1A3956D46DE8}") = "Build", "Build", "{77073001-05CF-4273-B51D-0CD857B66FFF}"
	ProjectSection(SolutionItems) = preProject
		Directory.Build.props = Directory.Build.props
		Directory.Build.targets = Directory.Build.targets
		..\version.json = ..\version.json
		Build\Versioning.targets = Build\Versioning.targets
	EndProjectSection
EndProject
Project("{9A19103F-16F7-4668-BE54-9A1E7A4F7556}") = "XrmFramework.Plugin", "XrmFramework.Plugin\XrmFramework.Plugin.csproj", "{E473F628-9BFD-400B-8A7A-596A3A1F806B}"
EndProject
Project("{9A19103F-16F7-4668-BE54-9A1E7A4F7556}") = "XrmFramework", "XrmFramework\XrmFramework.csproj", "{835202F0-C8A3-4E79-A9A5-D69A3080F1AB}"
EndProject
Project("{9A19103F-16F7-4668-BE54-9A1E7A4F7556}") = "XrmFramework.Templates", "XrmFramework.Templates\XrmFramework.Templates.csproj", "{E2AFAA90-1BA2-4DB3-A99D-A6004282C267}"
EndProject
Project("{9A19103F-16F7-4668-BE54-9A1E7A4F7556}") = "XrmFramework.DeployUtils", "XrmFramework.DeployUtils\XrmFramework.DeployUtils.csproj", "{C6444169-E29C-4B5B-B5EE-94E5CA4FF836}"
EndProject
Project("{9A19103F-16F7-4668-BE54-9A1E7A4F7556}") = "XrmFramework.DefinitionManager", "XrmFramework.DefinitionManager\XrmFramework.DefinitionManager.csproj", "{1946BA1F-AFA5-44AB-81F2-A843EF24572B}"
EndProject
Project("{9A19103F-16F7-4668-BE54-9A1E7A4F7556}") = "XrmFramework.RemoteDebugger.Client", "XrmFramework.RemoteDebugger.Client\XrmFramework.RemoteDebugger.Client.csproj", "{64594CF9-A94D-4188-8FBE-70DA696CDE4B}"
EndProject
Project("{9A19103F-16F7-4668-BE54-9A1E7A4F7556}") = "XrmFramework.Analyzers", "XrmFramework.Analyzers\XrmFramework.Analyzers.csproj", "{2D75777D-C56B-407E-BC22-0F9DEB2C5B17}"
EndProject
Project("{9A19103F-16F7-4668-BE54-9A1E7A4F7556}") = "XrmFramework.Utils", "XrmFramework.Utils\XrmFramework.Utils.csproj", "{C2CCCD60-A95A-4B16-A348-0536D9B22F15}"
EndProject
Project("{9A19103F-16F7-4668-BE54-9A1E7A4F7556}") = "XrmFramework.Core", "XrmFramework.Core\XrmFramework.Core.csproj", "{77A9EA08-FFA3-4EC5-8CE6-7A9C91DD8691}"
EndProject
Project("{2150E333-8FDC-42A3-9474-1A3956D46DE8}") = "Tests", "Tests", "{B88F9CEB-5647-49D0-BD31-27E658C52654}"
EndProject
Project("{9A19103F-16F7-4668-BE54-9A1E7A4F7556}") = "XrmFramework.RemoteDebuggerPlugin", "XrmFramework.RemoteDebuggerPlugin\XrmFramework.RemoteDebuggerPlugin.csproj", "{AE0EA3E1-F398-4A89-BEE4-58386D000433}"
EndProject
Project("{9A19103F-16F7-4668-BE54-9A1E7A4F7556}") = "XrmFramework.Tests", "Tests\XrmFramework.Tests\XrmFramework.Tests.csproj", "{F640F8B2-D3B3-4407-85B6-20C490C4CD03}"
EndProject
Project("{9A19103F-16F7-4668-BE54-9A1E7A4F7556}") = "XrmFramework.Core.Tests", "Tests\XrmFramework.Core.Tests\XrmFramework.Core.Tests.csproj", "{F0F25FBD-4399-4827-9473-6BF7569B5592}"
EndProject
Project("{9A19103F-16F7-4668-BE54-9A1E7A4F7556}") = "XrmFramework.Analyzers.Tests", "Tests\XrmFramework.Analyzers.Tests\XrmFramework.Analyzers.Tests.csproj", "{9D13B1BA-A572-4E63-9D91-EBDC09C05314}"
EndProject
Project("{9A19103F-16F7-4668-BE54-9A1E7A4F7556}") = "XrmFramework.ModelManager", "XrmFramework.ModelManager\XrmFramework.ModelManager.csproj", "{24CA564D-6656-4DFF-B4EF-68B2FDFB989F}"
EndProject
Project("{9A19103F-16F7-4668-BE54-9A1E7A4F7556}") = "XrmFramework.Analyzers.Contracts", "XrmFramework.Analyzers.Contracts\XrmFramework.Analyzers.Contracts.csproj", "{8337C924-18B7-4C97-B3D2-150021057BBA}"
Project("{9A19103F-16F7-4668-BE54-9A1E7A4F7556}") = "GenerateTableFilesFromLocalCode", "GenerateTableFilesFromLocalCode\GenerateTableFilesFromLocalCode.csproj", "{9C53B650-6A44-463F-9380-73EFAF6D3B06}"
EndProject
Project("{FAE04EC0-301F-11D3-BF4B-00C04F79EFBC}") = "XrmFramework.XrmToolbox.Plugin", "XrmFramework.XrmToolbox.Plugin\XrmFramework.XrmToolbox.Plugin.csproj", "{7DD9F376-F6BA-426E-A559-28B8216EDCD7}"
EndProject
Project("{FAE04EC0-301F-11D3-BF4B-00C04F79EFBC}") = "XrmFramework.Plugin.tests", "Tests\XrmFramework.Plugin.tests\XrmFramework.Plugin.tests.csproj", "{AF8361C8-D9CD-45FD-B711-8087BD8DC478}"
EndProject
Global
	GlobalSection(SolutionConfigurationPlatforms) = preSolution
		Debug|Any CPU = Debug|Any CPU
		Release|Any CPU = Release|Any CPU
	EndGlobalSection
	GlobalSection(ProjectConfigurationPlatforms) = postSolution
		{E473F628-9BFD-400B-8A7A-596A3A1F806B}.Debug|Any CPU.ActiveCfg = Debug|Any CPU
		{E473F628-9BFD-400B-8A7A-596A3A1F806B}.Debug|Any CPU.Build.0 = Debug|Any CPU
		{E473F628-9BFD-400B-8A7A-596A3A1F806B}.Release|Any CPU.ActiveCfg = Release|Any CPU
		{E473F628-9BFD-400B-8A7A-596A3A1F806B}.Release|Any CPU.Build.0 = Release|Any CPU
		{835202F0-C8A3-4E79-A9A5-D69A3080F1AB}.Debug|Any CPU.ActiveCfg = Debug|Any CPU
		{835202F0-C8A3-4E79-A9A5-D69A3080F1AB}.Debug|Any CPU.Build.0 = Debug|Any CPU
		{835202F0-C8A3-4E79-A9A5-D69A3080F1AB}.Release|Any CPU.ActiveCfg = Release|Any CPU
		{835202F0-C8A3-4E79-A9A5-D69A3080F1AB}.Release|Any CPU.Build.0 = Release|Any CPU
		{E2AFAA90-1BA2-4DB3-A99D-A6004282C267}.Debug|Any CPU.ActiveCfg = Debug|Any CPU
		{E2AFAA90-1BA2-4DB3-A99D-A6004282C267}.Debug|Any CPU.Build.0 = Debug|Any CPU
		{E2AFAA90-1BA2-4DB3-A99D-A6004282C267}.Release|Any CPU.ActiveCfg = Release|Any CPU
		{E2AFAA90-1BA2-4DB3-A99D-A6004282C267}.Release|Any CPU.Build.0 = Release|Any CPU
		{C6444169-E29C-4B5B-B5EE-94E5CA4FF836}.Debug|Any CPU.ActiveCfg = Debug|Any CPU
		{C6444169-E29C-4B5B-B5EE-94E5CA4FF836}.Debug|Any CPU.Build.0 = Debug|Any CPU
		{C6444169-E29C-4B5B-B5EE-94E5CA4FF836}.Release|Any CPU.ActiveCfg = Release|Any CPU
		{C6444169-E29C-4B5B-B5EE-94E5CA4FF836}.Release|Any CPU.Build.0 = Release|Any CPU
		{1946BA1F-AFA5-44AB-81F2-A843EF24572B}.Debug|Any CPU.ActiveCfg = Debug|Any CPU
		{1946BA1F-AFA5-44AB-81F2-A843EF24572B}.Debug|Any CPU.Build.0 = Debug|Any CPU
		{1946BA1F-AFA5-44AB-81F2-A843EF24572B}.Release|Any CPU.ActiveCfg = Release|Any CPU
		{1946BA1F-AFA5-44AB-81F2-A843EF24572B}.Release|Any CPU.Build.0 = Release|Any CPU
		{64594CF9-A94D-4188-8FBE-70DA696CDE4B}.Debug|Any CPU.ActiveCfg = Debug|Any CPU
		{64594CF9-A94D-4188-8FBE-70DA696CDE4B}.Debug|Any CPU.Build.0 = Debug|Any CPU
		{64594CF9-A94D-4188-8FBE-70DA696CDE4B}.Release|Any CPU.ActiveCfg = Release|Any CPU
		{64594CF9-A94D-4188-8FBE-70DA696CDE4B}.Release|Any CPU.Build.0 = Release|Any CPU
		{2D75777D-C56B-407E-BC22-0F9DEB2C5B17}.Debug|Any CPU.ActiveCfg = Debug|Any CPU
		{2D75777D-C56B-407E-BC22-0F9DEB2C5B17}.Debug|Any CPU.Build.0 = Debug|Any CPU
		{2D75777D-C56B-407E-BC22-0F9DEB2C5B17}.Release|Any CPU.ActiveCfg = Release|Any CPU
		{2D75777D-C56B-407E-BC22-0F9DEB2C5B17}.Release|Any CPU.Build.0 = Release|Any CPU
		{C2CCCD60-A95A-4B16-A348-0536D9B22F15}.Debug|Any CPU.ActiveCfg = Debug|Any CPU
		{C2CCCD60-A95A-4B16-A348-0536D9B22F15}.Debug|Any CPU.Build.0 = Debug|Any CPU
		{C2CCCD60-A95A-4B16-A348-0536D9B22F15}.Release|Any CPU.ActiveCfg = Release|Any CPU
		{C2CCCD60-A95A-4B16-A348-0536D9B22F15}.Release|Any CPU.Build.0 = Release|Any CPU
		{77A9EA08-FFA3-4EC5-8CE6-7A9C91DD8691}.Debug|Any CPU.ActiveCfg = Debug|Any CPU
		{77A9EA08-FFA3-4EC5-8CE6-7A9C91DD8691}.Debug|Any CPU.Build.0 = Debug|Any CPU
		{77A9EA08-FFA3-4EC5-8CE6-7A9C91DD8691}.Release|Any CPU.ActiveCfg = Release|Any CPU
		{77A9EA08-FFA3-4EC5-8CE6-7A9C91DD8691}.Release|Any CPU.Build.0 = Release|Any CPU
		{AE0EA3E1-F398-4A89-BEE4-58386D000433}.Debug|Any CPU.ActiveCfg = Debug|Any CPU
		{AE0EA3E1-F398-4A89-BEE4-58386D000433}.Debug|Any CPU.Build.0 = Debug|Any CPU
		{AE0EA3E1-F398-4A89-BEE4-58386D000433}.Release|Any CPU.ActiveCfg = Release|Any CPU
		{AE0EA3E1-F398-4A89-BEE4-58386D000433}.Release|Any CPU.Build.0 = Release|Any CPU
		{F640F8B2-D3B3-4407-85B6-20C490C4CD03}.Debug|Any CPU.ActiveCfg = Debug|Any CPU
		{F640F8B2-D3B3-4407-85B6-20C490C4CD03}.Debug|Any CPU.Build.0 = Debug|Any CPU
		{F640F8B2-D3B3-4407-85B6-20C490C4CD03}.Release|Any CPU.ActiveCfg = Release|Any CPU
		{F640F8B2-D3B3-4407-85B6-20C490C4CD03}.Release|Any CPU.Build.0 = Release|Any CPU
		{F0F25FBD-4399-4827-9473-6BF7569B5592}.Debug|Any CPU.ActiveCfg = Debug|Any CPU
		{F0F25FBD-4399-4827-9473-6BF7569B5592}.Debug|Any CPU.Build.0 = Debug|Any CPU
		{F0F25FBD-4399-4827-9473-6BF7569B5592}.Release|Any CPU.ActiveCfg = Release|Any CPU
		{F0F25FBD-4399-4827-9473-6BF7569B5592}.Release|Any CPU.Build.0 = Release|Any CPU
		{9D13B1BA-A572-4E63-9D91-EBDC09C05314}.Debug|Any CPU.ActiveCfg = Debug|Any CPU
		{9D13B1BA-A572-4E63-9D91-EBDC09C05314}.Debug|Any CPU.Build.0 = Debug|Any CPU
		{9D13B1BA-A572-4E63-9D91-EBDC09C05314}.Release|Any CPU.ActiveCfg = Release|Any CPU
		{9D13B1BA-A572-4E63-9D91-EBDC09C05314}.Release|Any CPU.Build.0 = Release|Any CPU
		{24CA564D-6656-4DFF-B4EF-68B2FDFB989F}.Debug|Any CPU.ActiveCfg = Debug|Any CPU
		{24CA564D-6656-4DFF-B4EF-68B2FDFB989F}.Debug|Any CPU.Build.0 = Debug|Any CPU
		{24CA564D-6656-4DFF-B4EF-68B2FDFB989F}.Release|Any CPU.ActiveCfg = Release|Any CPU
		{24CA564D-6656-4DFF-B4EF-68B2FDFB989F}.Release|Any CPU.Build.0 = Release|Any CPU
		{8337C924-18B7-4C97-B3D2-150021057BBA}.Debug|Any CPU.ActiveCfg = Debug|Any CPU
		{8337C924-18B7-4C97-B3D2-150021057BBA}.Debug|Any CPU.Build.0 = Debug|Any CPU
		{8337C924-18B7-4C97-B3D2-150021057BBA}.Release|Any CPU.ActiveCfg = Release|Any CPU
		{8337C924-18B7-4C97-B3D2-150021057BBA}.Release|Any CPU.Build.0 = Release|Any CPU
		{9C53B650-6A44-463F-9380-73EFAF6D3B06}.Debug|Any CPU.ActiveCfg = Debug|Any CPU
		{9C53B650-6A44-463F-9380-73EFAF6D3B06}.Debug|Any CPU.Build.0 = Debug|Any CPU
		{9C53B650-6A44-463F-9380-73EFAF6D3B06}.Release|Any CPU.ActiveCfg = Release|Any CPU
		{9C53B650-6A44-463F-9380-73EFAF6D3B06}.Release|Any CPU.Build.0 = Release|Any CPU
		{AF8361C8-D9CD-45FD-B711-8087BD8DC478}.Debug|Any CPU.ActiveCfg = Debug|Any CPU
		{AF8361C8-D9CD-45FD-B711-8087BD8DC478}.Debug|Any CPU.Build.0 = Debug|Any CPU
		{AF8361C8-D9CD-45FD-B711-8087BD8DC478}.Release|Any CPU.ActiveCfg = Release|Any CPU
		{AF8361C8-D9CD-45FD-B711-8087BD8DC478}.Release|Any CPU.Build.0 = Release|Any CPU
		{7DD9F376-F6BA-426E-A559-28B8216EDCD7}.Debug|Any CPU.ActiveCfg = Debug|Any CPU
		{7DD9F376-F6BA-426E-A559-28B8216EDCD7}.Debug|Any CPU.Build.0 = Debug|Any CPU
		{7DD9F376-F6BA-426E-A559-28B8216EDCD7}.Release|Any CPU.ActiveCfg = Release|Any CPU
		{7DD9F376-F6BA-426E-A559-28B8216EDCD7}.Release|Any CPU.Build.0 = Release|Any CPU
	EndGlobalSection
	GlobalSection(SolutionProperties) = preSolution
		HideSolutionNode = FALSE
	EndGlobalSection
	GlobalSection(NestedProjects) = preSolution
		{77073001-05CF-4273-B51D-0CD857B66FFF} = {D89922A5-D1C2-4EDC-BCA9-300160187485}
		{F640F8B2-D3B3-4407-85B6-20C490C4CD03} = {B88F9CEB-5647-49D0-BD31-27E658C52654}
		{F0F25FBD-4399-4827-9473-6BF7569B5592} = {B88F9CEB-5647-49D0-BD31-27E658C52654}
		{9D13B1BA-A572-4E63-9D91-EBDC09C05314} = {B88F9CEB-5647-49D0-BD31-27E658C52654}
		{AF8361C8-D9CD-45FD-B711-8087BD8DC478} = {B88F9CEB-5647-49D0-BD31-27E658C52654}
	EndGlobalSection
	GlobalSection(ExtensibilityGlobals) = postSolution
		SolutionGuid = {101361B0-96D3-40B0-8818-D69388B1A16D}
		RESX_NeutralResourcesLanguage = en-US
	EndGlobalSection
EndGlobal
